
Microsoft Visual Studio Solution File, Format Version 12.00
# Visual Studio Version 17
VisualStudioVersion = 17.11.35222.181
MinimumVisualStudioVersion = 10.0.40219.1
Project("{FAE04EC0-301F-11D3-BF4B-00C04F79EFBC}") = "SUT24-Övning Kalkylator", "SUT24-Övning Kalkylator\SUT24-Övning Kalkylator.csproj", "{10209EF9-1207-4BBC-AC6A-7D6341341B03}"
EndProject
Global
	GlobalSection(SolutionConfigurationPlatforms) = preSolution
		Debug|Any CPU = Debug|Any CPU
		Release|Any CPU = Release|Any CPU
	EndGlobalSection
	GlobalSection(ProjectConfigurationPlatforms) = postSolution
		{10209EF9-1207-4BBC-AC6A-7D6341341B03}.Debug|Any CPU.ActiveCfg = Debug|Any CPU
		{10209EF9-1207-4BBC-AC6A-7D6341341B03}.Debug|Any CPU.Build.0 = Debug|Any CPU
		{10209EF9-1207-4BBC-AC6A-7D6341341B03}.Release|Any CPU.ActiveCfg = Release|Any CPU
		{10209EF9-1207-4BBC-AC6A-7D6341341B03}.Release|Any CPU.Build.0 = Release|Any CPU
	EndGlobalSection
	GlobalSection(SolutionProperties) = preSolution
		HideSolutionNode = FALSE
	EndGlobalSection
	GlobalSection(ExtensibilityGlobals) = postSolution
		SolutionGuid = {1EB3B869-44A9-4CB2-9F74-4A84E22F1A90}
	EndGlobalSection
EndGlobal
